
Microsoft Visual Studio Solution File, Format Version 12.00
# Visual Studio Version 16
VisualStudioVersion = 16.0.28917.181
MinimumVisualStudioVersion = 10.0.40219.1
Project("{FAE04EC0-301F-11D3-BF4B-00C04F79EFBC}") = "MMDTools", "MMDTools.csproj", "{2CC83AFF-ABEE-48A9-84AC-5BF9E66A94B3}"
EndProject
Global
	GlobalSection(SolutionConfigurationPlatforms) = preSolution
		Debug|Any CPU = Debug|Any CPU
		Release|Any CPU = Release|Any CPU
	EndGlobalSection
	GlobalSection(ProjectConfigurationPlatforms) = postSolution
		{2CC83AFF-ABEE-48A9-84AC-5BF9E66A94B3}.Debug|Any CPU.ActiveCfg = Debug|Any CPU
		{2CC83AFF-ABEE-48A9-84AC-5BF9E66A94B3}.Debug|Any CPU.Build.0 = Debug|Any CPU
		{2CC83AFF-ABEE-48A9-84AC-5BF9E66A94B3}.Release|Any CPU.ActiveCfg = Release|Any CPU
		{2CC83AFF-ABEE-48A9-84AC-5BF9E66A94B3}.Release|Any CPU.Build.0 = Release|Any CPU
	EndGlobalSection
	GlobalSection(SolutionProperties) = preSolution
		HideSolutionNode = FALSE
	EndGlobalSection
	GlobalSection(ExtensibilityGlobals) = postSolution
		SolutionGuid = {050B30E8-8223-4AF1-8A1D-6B045E2F234C}
	EndGlobalSection
EndGlobal
